
Microsoft Visual Studio Solution File, Format Version 12.00
# Visual Studio 15
VisualStudioVersion = 15.0.26127.3
MinimumVisualStudioVersion = 10.0.40219.1
Project("{FAE04EC0-301F-11D3-BF4B-00C04F79EFBC}") = "ManiaNextControl", "ManiaNextControl\ManiaNextControl.csproj", "{2F3913AB-5D4B-4635-9A65-90D2AFF55F20}"
EndProject
Project("{FAE04EC0-301F-11D3-BF4B-00C04F79EFBC}") = "ManiaNextXMLRPC", "ManiaNextXMLRPC\ManiaNextXMLRPC.csproj", "{D16D7A36-4701-42BB-B3CA-DF942A0B4E05}"
EndProject
Project("{FAE04EC0-301F-11D3-BF4B-00C04F79EFBC}") = "MNCMapInfo", "MNCMapInfo\MNCMapInfo.csproj", "{8C27A134-9B45-45D6-973F-855B3B1460BD}"
EndProject
Project("{9A19103F-16F7-4668-BE54-9A1E7A4F7556}") = "Jukebox", "Jukebox\Jukebox.csproj", "{42CF931A-B63A-4962-90B6-F2E669AA28C9}"
EndProject
Global
	GlobalSection(SolutionConfigurationPlatforms) = preSolution
		Debug|Any CPU = Debug|Any CPU
		Debug|x64 = Debug|x64
		Debug|x86 = Debug|x86
		Release|Any CPU = Release|Any CPU
		Release|x64 = Release|x64
		Release|x86 = Release|x86
	EndGlobalSection
	GlobalSection(ProjectConfigurationPlatforms) = postSolution
		{2F3913AB-5D4B-4635-9A65-90D2AFF55F20}.Debug|Any CPU.ActiveCfg = Debug|Any CPU
		{2F3913AB-5D4B-4635-9A65-90D2AFF55F20}.Debug|Any CPU.Build.0 = Debug|Any CPU
		{2F3913AB-5D4B-4635-9A65-90D2AFF55F20}.Debug|x64.ActiveCfg = Debug|x64
		{2F3913AB-5D4B-4635-9A65-90D2AFF55F20}.Debug|x64.Build.0 = Debug|x64
		{2F3913AB-5D4B-4635-9A65-90D2AFF55F20}.Debug|x86.ActiveCfg = Debug|x86
		{2F3913AB-5D4B-4635-9A65-90D2AFF55F20}.Debug|x86.Build.0 = Debug|x86
		{2F3913AB-5D4B-4635-9A65-90D2AFF55F20}.Release|Any CPU.ActiveCfg = Release|Any CPU
		{2F3913AB-5D4B-4635-9A65-90D2AFF55F20}.Release|Any CPU.Build.0 = Release|Any CPU
		{2F3913AB-5D4B-4635-9A65-90D2AFF55F20}.Release|x64.ActiveCfg = Release|x64
		{2F3913AB-5D4B-4635-9A65-90D2AFF55F20}.Release|x64.Build.0 = Release|x64
		{2F3913AB-5D4B-4635-9A65-90D2AFF55F20}.Release|x86.ActiveCfg = Release|x86
		{2F3913AB-5D4B-4635-9A65-90D2AFF55F20}.Release|x86.Build.0 = Release|x86
		{D16D7A36-4701-42BB-B3CA-DF942A0B4E05}.Debug|Any CPU.ActiveCfg = Debug|Any CPU
		{D16D7A36-4701-42BB-B3CA-DF942A0B4E05}.Debug|Any CPU.Build.0 = Debug|Any CPU
		{D16D7A36-4701-42BB-B3CA-DF942A0B4E05}.Debug|x64.ActiveCfg = Debug|x64
		{D16D7A36-4701-42BB-B3CA-DF942A0B4E05}.Debug|x64.Build.0 = Debug|x64
		{D16D7A36-4701-42BB-B3CA-DF942A0B4E05}.Debug|x86.ActiveCfg = Debug|x86
		{D16D7A36-4701-42BB-B3CA-DF942A0B4E05}.Debug|x86.Build.0 = Debug|x86
		{D16D7A36-4701-42BB-B3CA-DF942A0B4E05}.Release|Any CPU.ActiveCfg = Release|Any CPU
		{D16D7A36-4701-42BB-B3CA-DF942A0B4E05}.Release|Any CPU.Build.0 = Release|Any CPU
		{D16D7A36-4701-42BB-B3CA-DF942A0B4E05}.Release|x64.ActiveCfg = Release|x64
		{D16D7A36-4701-42BB-B3CA-DF942A0B4E05}.Release|x64.Build.0 = Release|x64
		{D16D7A36-4701-42BB-B3CA-DF942A0B4E05}.Release|x86.ActiveCfg = Release|x86
		{D16D7A36-4701-42BB-B3CA-DF942A0B4E05}.Release|x86.Build.0 = Release|x86
		{8C27A134-9B45-45D6-973F-855B3B1460BD}.Debug|Any CPU.ActiveCfg = Debug|Any CPU
		{8C27A134-9B45-45D6-973F-855B3B1460BD}.Debug|Any CPU.Build.0 = Debug|Any CPU
		{8C27A134-9B45-45D6-973F-855B3B1460BD}.Debug|x64.ActiveCfg = Debug|x64
		{8C27A134-9B45-45D6-973F-855B3B1460BD}.Debug|x64.Build.0 = Debug|x64
		{8C27A134-9B45-45D6-973F-855B3B1460BD}.Debug|x86.ActiveCfg = Debug|x86
		{8C27A134-9B45-45D6-973F-855B3B1460BD}.Debug|x86.Build.0 = Debug|x86
		{8C27A134-9B45-45D6-973F-855B3B1460BD}.Release|Any CPU.ActiveCfg = Release|Any CPU
		{8C27A134-9B45-45D6-973F-855B3B1460BD}.Release|Any CPU.Build.0 = Release|Any CPU
		{8C27A134-9B45-45D6-973F-855B3B1460BD}.Release|x64.ActiveCfg = Release|x64
		{8C27A134-9B45-45D6-973F-855B3B1460BD}.Release|x64.Build.0 = Release|x64
		{8C27A134-9B45-45D6-973F-855B3B1460BD}.Release|x86.ActiveCfg = Release|x86
		{8C27A134-9B45-45D6-973F-855B3B1460BD}.Release|x86.Build.0 = Release|x86
		{42CF931A-B63A-4962-90B6-F2E669AA28C9}.Debug|Any CPU.ActiveCfg = Debug|Any CPU
		{42CF931A-B63A-4962-90B6-F2E669AA28C9}.Debug|Any CPU.Build.0 = Debug|Any CPU
		{42CF931A-B63A-4962-90B6-F2E669AA28C9}.Debug|x64.ActiveCfg = Debug|x64
		{42CF931A-B63A-4962-90B6-F2E669AA28C9}.Debug|x64.Build.0 = Debug|x64
		{42CF931A-B63A-4962-90B6-F2E669AA28C9}.Debug|x86.ActiveCfg = Debug|x86
		{42CF931A-B63A-4962-90B6-F2E669AA28C9}.Debug|x86.Build.0 = Debug|x86
		{42CF931A-B63A-4962-90B6-F2E669AA28C9}.Release|Any CPU.ActiveCfg = Release|Any CPU
		{42CF931A-B63A-4962-90B6-F2E669AA28C9}.Release|Any CPU.Build.0 = Release|Any CPU
		{42CF931A-B63A-4962-90B6-F2E669AA28C9}.Release|x64.ActiveCfg = Release|x64
		{42CF931A-B63A-4962-90B6-F2E669AA28C9}.Release|x64.Build.0 = Release|x64
		{42CF931A-B63A-4962-90B6-F2E669AA28C9}.Release|x86.ActiveCfg = Release|x86
		{42CF931A-B63A-4962-90B6-F2E669AA28C9}.Release|x86.Build.0 = Release|x86
	EndGlobalSection
	GlobalSection(SolutionProperties) = preSolution
		HideSolutionNode = FALSE
	EndGlobalSection
EndGlobal
